github.com/aaronland/go-roster v0.0.2 h1:2Fu7v4VQLRLRL/Zgr6R9S5JxsW75Ab/K88QtMVX532s=
github.com/aaronland/go-roster v0.0.2/go.mod h1:AcovpxlG1XxJxX2Fjqlm63fEIBhCjEIBV4lP87FZDmI=
github.com/whosonfirst/go-ioutil v1.0.1 h1:xITnQgEGdG+Qlph7jPY5htL7UpPSm2wEw1WiUlKTWPc=
github.com/whosonfirst/go-ioutil v1.0.1/go.mod h1:2dS1vWdAIkiHDvDF8fYyjv6k2NISmwaIjJJeEDBEdvg=
github.com/whosonfirst/go-reader v0.10.0 h1:RHQPNEqurYbI1N0SrqpUMMo0O4KTa5JSZi/sYGMtxig=
github.com/whosonfirst/go-reader v0.10.0/go.mod h1:YNcxm9xr0++Jz4nXWZjtQ/RRVq0fCjq1CwJdmJgfOh8=
